github.com/MateusMoutinhoOrg/Keep v0.0.3 h1:iETQUJCtLFXlzRr5Viq21jgUwbk/IV3Zm5yrfutKk3I=
github.com/MateusMoutinhoOrg/Keep v0.0.3/go.mod h1:mcqhROIUAWxWnybZWmccMUiNja/yyp8JUMoHiHulMz4=
github.com/MateusMoutinhoOrg/Verb v0.0.1 h1:DQ2k2iOgvtag4xzOeH5SszSmJAiYd55GwHWUKfMRhMI=
github.com/MateusMoutinhoOrg/Verb v0.0.1/go.mod h1:0noWQuAo173QJICx3U8ABSzgrVKB0m0iJKz1GHAMxmU=
